
Microsoft Visual Studio Solution File, Format Version 12.00
# Visual Studio Version 17
VisualStudioVersion = 17.2.32630.192
MinimumVisualStudioVersion = 10.0.40219.1
Project("{9A19103F-16F7-4668-BE54-9A1E7A4F7556}") = "TrueSaw01", "TrueSaw01.csproj", "{4F2D4821-D070-42AE-B3B5-EACD605B0E62}"
EndProject
Project("{FAE04EC0-301F-11D3-BF4B-00C04F79EFBC}") = "lab01", "..\lab01\lab01.csproj", "{B614E534-FAED-46DC-BE73-4BC4CCEA3A7E}"
EndProject
Global
	GlobalSection(SolutionConfigurationPlatforms) = preSolution
		Debug|Any CPU = Debug|Any CPU
		Release|Any CPU = Release|Any CPU
	EndGlobalSection
	GlobalSection(ProjectConfigurationPlatforms) = postSolution
		{4F2D4821-D070-42AE-B3B5-EACD605B0E62}.Debug|Any CPU.ActiveCfg = Debug|Any CPU
		{4F2D4821-D070-42AE-B3B5-EACD605B0E62}.Debug|Any CPU.Build.0 = Debug|Any CPU
		{4F2D4821-D070-42AE-B3B5-EACD605B0E62}.Release|Any CPU.ActiveCfg = Release|Any CPU
		{4F2D4821-D070-42AE-B3B5-EACD605B0E62}.Release|Any CPU.Build.0 = Release|Any CPU
		{B614E534-FAED-46DC-BE73-4BC4CCEA3A7E}.Debug|Any CPU.ActiveCfg = Debug|Any CPU
		{B614E534-FAED-46DC-BE73-4BC4CCEA3A7E}.Debug|Any CPU.Build.0 = Debug|Any CPU
		{B614E534-FAED-46DC-BE73-4BC4CCEA3A7E}.Release|Any CPU.ActiveCfg = Release|Any CPU
		{B614E534-FAED-46DC-BE73-4BC4CCEA3A7E}.Release|Any CPU.Build.0 = Release|Any CPU
	EndGlobalSection
	GlobalSection(SolutionProperties) = preSolution
		HideSolutionNode = FALSE
	EndGlobalSection
	GlobalSection(ExtensibilityGlobals) = postSolution
		SolutionGuid = {0EFA3A59-3DDE-44E8-9898-890A3F1EDA2E}
	EndGlobalSection
EndGlobal
